
Microsoft Visual Studio Solution File, Format Version 12.00
Project("{FAE04EC0-301F-11D3-BF4B-00C04F79EFBC}") = "Hflex.MediatR.Extensions.Caching", "src\Hflex.MediatR.Extensions.Caching\Hflex.MediatR.Extensions.Caching.csproj", "{DD7EAA6A-1F9D-46D3-929B-29C0A7F7E2D8}"
EndProject
Project("{2150E333-8FDC-42A3-9474-1A3956D46DE8}") = "src", "src", "{6D61618D-AA70-4DE5-8575-D05DA1057E78}"
EndProject
Project("{2150E333-8FDC-42A3-9474-1A3956D46DE8}") = "samples", "samples", "{1A2B1892-66BB-44B7-864D-3B08E2FB50DE}"
EndProject
Project("{FAE04EC0-301F-11D3-BF4B-00C04F79EFBC}") = "WebApiSample", "samples\WebApiSample.csproj", "{6D895716-7946-45D0-B50E-0125E5ACD0C3}"
EndProject
Global
	GlobalSection(SolutionConfigurationPlatforms) = preSolution
		Debug|Any CPU = Debug|Any CPU
		Release|Any CPU = Release|Any CPU
	EndGlobalSection
	GlobalSection(ProjectConfigurationPlatforms) = postSolution
		{DD7EAA6A-1F9D-46D3-929B-29C0A7F7E2D8}.Debug|Any CPU.ActiveCfg = Debug|Any CPU
		{DD7EAA6A-1F9D-46D3-929B-29C0A7F7E2D8}.Debug|Any CPU.Build.0 = Debug|Any CPU
		{DD7EAA6A-1F9D-46D3-929B-29C0A7F7E2D8}.Release|Any CPU.ActiveCfg = Release|Any CPU
		{DD7EAA6A-1F9D-46D3-929B-29C0A7F7E2D8}.Release|Any CPU.Build.0 = Release|Any CPU
		{6D895716-7946-45D0-B50E-0125E5ACD0C3}.Debug|Any CPU.ActiveCfg = Debug|Any CPU
		{6D895716-7946-45D0-B50E-0125E5ACD0C3}.Debug|Any CPU.Build.0 = Debug|Any CPU
		{6D895716-7946-45D0-B50E-0125E5ACD0C3}.Release|Any CPU.ActiveCfg = Release|Any CPU
		{6D895716-7946-45D0-B50E-0125E5ACD0C3}.Release|Any CPU.Build.0 = Release|Any CPU
	EndGlobalSection
	GlobalSection(NestedProjects) = preSolution
		{DD7EAA6A-1F9D-46D3-929B-29C0A7F7E2D8} = {6D61618D-AA70-4DE5-8575-D05DA1057E78}
		{6D895716-7946-45D0-B50E-0125E5ACD0C3} = {1A2B1892-66BB-44B7-864D-3B08E2FB50DE}
	EndGlobalSection
EndGlobal
